Microsoft Visual Studio Solution File, Format Version 12.00
# Visual Studio 15
VisualStudioVersion = 15.0.27130.2027
MinimumVisualStudioVersion = 10.0.40219.1
Project("{9A19103F-16F7-4668-BE54-9A1E7A4F7556}") = "KenoAssist.Web", "KenoAssist.Web\KenoAssist.Web.csproj", "{5949FE19-AEFA-431C-9B29-1525DEBF9DC9}"
EndProject
Project("{FAE04EC0-301F-11D3-BF4B-00C04F79EFBC}") = "KenoAssist.API", "KenoAssist.API\KenoAssist.API.csproj", "{181970FE-C423-4C21-ADE6-E508C8D6EC81}"
EndProject
Project("{2150E333-8FDC-42A3-9474-1A3956D46DE8}") = "Dlls", "Dlls", "{F91EAD94-8071-4585-A48D-B6599CFF4A2B}"
EndProject
Project("{FAE04EC0-301F-11D3-BF4B-00C04F79EFBC}") = "Keno.Business", "Keno.Business\Keno.Business.csproj", "{93BE485A-DB42-4F14-8B88-184FFE1779F9}"
EndProject
Project("{FAE04EC0-301F-11D3-BF4B-00C04F79EFBC}") = "Keno.Data", "Keno.Data\Keno.Data.csproj", "{B0328E93-C925-4320-8D65-874C77119A94}"
EndProject
Project("{FAE04EC0-301F-11D3-BF4B-00C04F79EFBC}") = "Keno.Data.Contracts", "Keno.Data.Contracts\Keno.Data.Contracts.csproj", "{746D74F5-C289-40EB-98D1-D382A2F91B5C}"
EndProject
Project("{FAE04EC0-301F-11D3-BF4B-00C04F79EFBC}") = "Keno.Data.Repository", "Keno.Data.Repository\Keno.Data.Repository.csproj", "{41675B0B-DDA0-45EB-95F6-B66AFA3D878D}"
EndProject
Project("{FAE04EC0-301F-11D3-BF4B-00C04F79EFBC}") = "Keno.Models", "Keno.Models\Keno.Models.csproj", "{7E667DA9-C4AE-42AE-8BE6-922782FDCA84}"
EndProject
Project("{FAE04EC0-301F-11D3-BF4B-00C04F79EFBC}") = "Keno.Common", "Keno.Common\Keno.Common.csproj", "{15A936F0-6B97-457E-BC2D-52BCA4625C70}"
EndProject
Project("{9A19103F-16F7-4668-BE54-9A1E7A4F7556}") = "Keno.Consumer", "Keno.Consumer\Keno.Consumer.csproj", "{041AB597-ECD2-4FFA-AF5E-8E4A62E446AA}"
EndProject
Global
	GlobalSection(SolutionConfigurationPlatforms) = preSolution
		Debug|Any CPU = Debug|Any CPU
		Release|Any CPU = Release|Any CPU
	EndGlobalSection
	GlobalSection(ProjectConfigurationPlatforms) = postSolution
		{5949FE19-AEFA-431C-9B29-1525DEBF9DC9}.Debug|Any CPU.ActiveCfg = Debug|Any CPU
		{5949FE19-AEFA-431C-9B29-1525DEBF9DC9}.Debug|Any CPU.Build.0 = Debug|Any CPU
		{5949FE19-AEFA-431C-9B29-1525DEBF9DC9}.Release|Any CPU.ActiveCfg = Release|Any CPU
		{5949FE19-AEFA-431C-9B29-1525DEBF9DC9}.Release|Any CPU.Build.0 = Release|Any CPU
		{181970FE-C423-4C21-ADE6-E508C8D6EC81}.Debug|Any CPU.ActiveCfg = Debug|Any CPU
		{181970FE-C423-4C21-ADE6-E508C8D6EC81}.Debug|Any CPU.Build.0 = Debug|Any CPU
		{181970FE-C423-4C21-ADE6-E508C8D6EC81}.Release|Any CPU.ActiveCfg = Release|Any CPU
		{181970FE-C423-4C21-ADE6-E508C8D6EC81}.Release|Any CPU.Build.0 = Release|Any CPU
		{93BE485A-DB42-4F14-8B88-184FFE1779F9}.Debug|Any CPU.ActiveCfg = Debug|Any CPU
		{93BE485A-DB42-4F14-8B88-184FFE1779F9}.Debug|Any CPU.Build.0 = Debug|Any CPU
		{93BE485A-DB42-4F14-8B88-184FFE1779F9}.Release|Any CPU.ActiveCfg = Release|Any CPU
		{93BE485A-DB42-4F14-8B88-184FFE1779F9}.Release|Any CPU.Build.0 = Release|Any CPU
		{B0328E93-C925-4320-8D65-874C77119A94}.Debug|Any CPU.ActiveCfg = Debug|Any CPU
		{B0328E93-C925-4320-8D65-874C77119A94}.Debug|Any CPU.Build.0 = Debug|Any CPU
		{B0328E93-C925-4320-8D65-874C77119A94}.Release|Any CPU.ActiveCfg = Release|Any CPU
		{B0328E93-C925-4320-8D65-874C77119A94}.Release|Any CPU.Build.0 = Release|Any CPU
		{746D74F5-C289-40EB-98D1-D382A2F91B5C}.Debug|Any CPU.ActiveCfg = Debug|Any CPU
		{746D74F5-C289-40EB-98D1-D382A2F91B5C}.Debug|Any CPU.Build.0 = Debug|Any CPU
		{746D74F5-C289-40EB-98D1-D382A2F91B5C}.Release|Any CPU.ActiveCfg = Release|Any CPU
		{746D74F5-C289-40EB-98D1-D382A2F91B5C}.Release|Any CPU.Build.0 = Release|Any CPU
		{41675B0B-DDA0-45EB-95F6-B66AFA3D878D}.Debug|Any CPU.ActiveCfg = Debug|Any CPU
		{41675B0B-DDA0-45EB-95F6-B66AFA3D878D}.Debug|Any CPU.Build.0 = Debug|Any CPU
		{41675B0B-DDA0-45EB-95F6-B66AFA3D878D}.Release|Any CPU.ActiveCfg = Release|Any CPU
		{41675B0B-DDA0-45EB-95F6-B66AFA3D878D}.Release|Any CPU.Build.0 = Release|Any CPU
		{7E667DA9-C4AE-42AE-8BE6-922782FDCA84}.Debug|Any CPU.ActiveCfg = Debug|Any CPU
		{7E667DA9-C4AE-42AE-8BE6-922782FDCA84}.Debug|Any CPU.Build.0 = Debug|Any CPU
		{7E667DA9-C4AE-42AE-8BE6-922782FDCA84}.Release|Any CPU.ActiveCfg = Release|Any CPU
		{7E667DA9-C4AE-42AE-8BE6-922782FDCA84}.Release|Any CPU.Build.0 = Release|Any CPU
		{15A936F0-6B97-457E-BC2D-52BCA4625C70}.Debug|Any CPU.ActiveCfg = Debug|Any CPU
		{15A936F0-6B97-457E-BC2D-52BCA4625C70}.Debug|Any CPU.Build.0 = Debug|Any CPU
		{15A936F0-6B97-457E-BC2D-52BCA4625C70}.Release|Any CPU.ActiveCfg = Release|Any CPU
		{15A936F0-6B97-457E-BC2D-52BCA4625C70}.Release|Any CPU.Build.0 = Release|Any CPU
		{041AB597-ECD2-4FFA-AF5E-8E4A62E446AA}.Debug|Any CPU.ActiveCfg = Debug|Any CPU
		{041AB597-ECD2-4FFA-AF5E-8E4A62E446AA}.Debug|Any CPU.Build.0 = Debug|Any CPU
		{041AB597-ECD2-4FFA-AF5E-8E4A62E446AA}.Release|Any CPU.ActiveCfg = Release|Any CPU
		{041AB597-ECD2-4FFA-AF5E-8E4A62E446AA}.Release|Any CPU.Build.0 = Release|Any CPU
	EndGlobalSection
	GlobalSection(SolutionProperties) = preSolution
		HideSolutionNode = FALSE
	EndGlobalSection
	GlobalSection(NestedProjects) = preSolution
		{93BE485A-DB42-4F14-8B88-184FFE1779F9} = {F91EAD94-8071-4585-A48D-B6599CFF4A2B}
		{B0328E93-C925-4320-8D65-874C77119A94} = {F91EAD94-8071-4585-A48D-B6599CFF4A2B}
		{746D74F5-C289-40EB-98D1-D382A2F91B5C} = {F91EAD94-8071-4585-A48D-B6599CFF4A2B}
		{41675B0B-DDA0-45EB-95F6-B66AFA3D878D} = {F91EAD94-8071-4585-A48D-B6599CFF4A2B}
		{7E667DA9-C4AE-42AE-8BE6-922782FDCA84} = {F91EAD94-8071-4585-A48D-B6599CFF4A2B}
		{15A936F0-6B97-457E-BC2D-52BCA4625C70} = {F91EAD94-8071-4585-A48D-B6599CFF4A2B}
		{041AB597-ECD2-4FFA-AF5E-8E4A62E446AA} = {F91EAD94-8071-4585-A48D-B6599CFF4A2B}
	EndGlobalSection
	GlobalSection(ExtensibilityGlobals) = postSolution
		SolutionGuid = {D3871055-BFB7-4806-9F67-CEBDB3435C22}
	EndGlobalSection
EndGlobal
